PODS:
  - SwiftUI-SimpleToast (0.6.2)

DEPENDENCIES:
  - SwiftUI-SimpleToast (from `https://github.com/sanzaru/SimpleToast.git`)

EXTERNAL SOURCES:
  SwiftUI-SimpleToast:
    :git: https://github.com/sanzaru/SimpleToast.git

CHECKOUT OPTIONS:
  SwiftUI-SimpleToast:
    :commit: 7ced9fe877fa1e9aaf9634a611818b84d3317e40
    :git: https://github.com/sanzaru/SimpleToast.git

SPEC CHECKSUMS:
  SwiftUI-SimpleToast: 34a7ede33ac00e1ab21cc114c041d68da5fbc6b3

PODFILE CHECKSUM: b0c92b70c5159c2c63058a9d3c304ad829ad5557

COCOAPODS: 1.12.1
