// !$*UTF8*$!
{
	archiveVersion = 1;
	classes = {
	};
	objectVersion = 56;
	objects = {

/* Begin PBXBuildFile section */
		7E0E40D1EFE84966B57C119B /* DateExpiredView.swift in Sources */ = {isa = PBXBuildFile; fileRef = 7E0E42747F1C99013AC8218A /* DateExpiredView.swift */; };
		7E0E41151D3487AE9C94EAA9 /* MoneyUtils.swift in Sources */ = {isa = PBXBuildFile; fileRef = 7E0E4CA71EAD9D9A6C9AC7A3 /* MoneyUtils.swift */; };
		7E0E4119E8A069E9AE44FD7B /* AirbaPaySdk.swift in Sources */ = {isa = PBXBuildFile; fileRef = 7E0E47A48DAA8230D8C988A8 /* AirbaPaySdk.swift */; };
		7E0E413825864B1DBDF4ACEB /* InitAPay.swift in Sources */ = {isa = PBXBuildFile; fileRef = 7E0E4BF92B6723B7BAA74ADB /* InitAPay.swift */; };
		7E0E41463F3FF5AE81CA9628 /* BottomSheetUtils.swift in Sources */ = {isa = PBXBuildFile; fileRef = 7E0E4F9934EAC5D546EFC255 /* BottomSheetUtils.swift */; };
		7E0E41D0D922A532B4DD2141 /* TopInfoView.swift in Sources */ = {isa = PBXBuildFile; fileRef = 7E0E464AEA9AFCF0DB485A40 /* TopInfoView.swift */; };
		7E0E425DEC9E7FF662916A16 /* Montserrat-Regular.ttf in Resources */ = {isa = PBXBuildFile; fileRef = 7E0E41A5CF56E1E61A2FFAD4 /* Montserrat-Regular.ttf */; };
		7E0E426178E4D9F1ED4BAF74 /* WebViewPage.swift in Sources */ = {isa = PBXBuildFile; fileRef = 7E0E48F5255651E4DB9353C9 /* WebViewPage.swift */; };
		7E0E42AF94FB6CB4C11D0CB6 /* CardDateUtils.swift in Sources */ = {isa = PBXBuildFile; fileRef = 7E0E43FE07888911C397A930 /* CardDateUtils.swift */; };
		7E0E432AB1F031260E3559B8 /* InitButonNext.swift in Sources */ = {isa = PBXBuildFile; fileRef = 7E0E4E280F701FDE413DC3BC /* InitButonNext.swift */; };
		7E0E438A07A8C4521290C70C /* DialogExit.swift in Sources */ = {isa = PBXBuildFile; fileRef = 7E0E45C3A4A99286F1579FAE /* DialogExit.swift */; };
		7E0E4391EE34997C27B36944 /* ErrorFinalPage.swift in Sources */ = {isa = PBXBuildFile; fileRef = 7E0E43EAE73E4D5B13BD8D4E /* ErrorFinalPage.swift */; };
		7E0E43BD28550B9CACD67FF4 /* RepeatPage.swift in Sources */ = {isa = PBXBuildFile; fileRef = 7E0E412662828661C254B739 /* RepeatPage.swift */; };
		7E0E43CCBB3782A69DB4E871 /* InitCards.swift in Sources */ = {isa = PBXBuildFile; fileRef = 7E0E4CBF22A82512D3EB157A /* InitCards.swift */; };
		7E0E445C4141066BBD0271F9 /* TestPage.swift in Sources */ = {isa = PBXBuildFile; fileRef = 7E0E4FFB61E525F711672857 /* TestPage.swift */; };
		7E0E4493D80D0953F5D9B6A4 /* ViewButton.swift in Sources */ = {isa = PBXBuildFile; fileRef = 7E0E4207AACAD47D68A029FF /* ViewButton.swift */; };
		7E0E44DA1BDB5D48A06FC241 /* PaymentInfo.swift in Sources */ = {isa = PBXBuildFile; fileRef = 7E0E4253AB9A342658701F4B /* PaymentInfo.swift */; };
		7E0E451FD5339A631B840765 /* HomePage.swift in Sources */ = {isa = PBXBuildFile; fileRef = 7E0E45E96B0A4E8DCFA1D2E5 /* HomePage.swift */; };
		7E0E4548149D89ADC992DF8E /* InstructionWebViewClient.swift in Sources */ = {isa = PBXBuildFile; fileRef = 7E0E49920B29342ACD65C22E /* InstructionWebViewClient.swift */; };
		7E0E457335C2491B8E001F0F /* Popup.swift in Sources */ = {isa = PBXBuildFile; fileRef = 7E0E42A5F5B037D28E709079 /* Popup.swift */; };
		7E0E45B724D25815CD138AF9 /* GetNumberCleatedTests.swift in Sources */ = {isa = PBXBuildFile; fileRef = 7E0E4BED15762906251BAF22 /* GetNumberCleatedTests.swift */; };
		7E0E45D6E0F3F5556F39AF01 /* ErrorSomethingWrongPage.swift in Sources */ = {isa = PBXBuildFile; fileRef = 7E0E4C74A80676573E9AD57E /* ErrorSomethingWrongPage.swift */; };
		7E0E4669012571313E50C50E /* ViewEditText.swift in Sources */ = {isa = PBXBuildFile; fileRef = 7E0E487FE752010A6FC4B18B /* ViewEditText.swift */; };
		7E0E4685185A4C93C3202B6C /* PaymentCreate.swift in Sources */ = {isa = PBXBuildFile; fileRef = 7E0E4949601130990749DCDC /* PaymentCreate.swift */; };
		7E0E469CB1C73996332368CC /* Montserrat-Bold.ttf in Resources */ = {isa = PBXBuildFile; fileRef = 7E0E4A416E8857482CC523EF /* Montserrat-Bold.ttf */; };
		7E0E472D5558BF6FF97FCE39 /* InitViewStartProcessingAmount.swift in Sources */ = {isa = PBXBuildFile; fileRef = 7E0E4DC1755A0121B787047A /* InitViewStartProcessingAmount.swift */; };
		7E0E4730C8EEB97C9BB9374F /* InitPayWithNewCard.swift in Sources */ = {isa = PBXBuildFile; fileRef = 7E0E4F586AD160C175A26160 /* InitPayWithNewCard.swift */; };
		7E0E479079EE6F306AD23584 /* CardsGet.swift in Sources */ = {isa = PBXBuildFile; fileRef = 7E0E41373046447B451B3375 /* CardsGet.swift */; };
		7E0E4838A53332D4B7A9EC83 /* BottomImages.swift in Sources */ = {isa = PBXBuildFile; fileRef = 7E0E4E0263C6030598DA3D25 /* BottomImages.swift */; };
		7E0E485B46AC238B12CB9785 /* CvvBottomSheet.swift in Sources */ = {isa = PBXBuildFile; fileRef = 7E0E4782D21E800E7EBE4DA8 /* CvvBottomSheet.swift */; };
		7E0E487CB137FBC3FA3C1552 /* ErrorPage.swift in Sources */ = {isa = PBXBuildFile; fileRef = 7E0E43E4F18F7E43D9AA68F6 /* ErrorPage.swift */; };
		7E0E489A83E2FD42C515A5B3 /* Montserrat-SemiBold.ttf in Resources */ = {isa = PBXBuildFile; fileRef = 7E0E478612CF8F08959597A7 /* Montserrat-SemiBold.ttf */; };
		7E0E48EF8104C87DCB16C9BE /* MaskFormatterTests.swift in Sources */ = {isa = PBXBuildFile; fileRef = 7E0E423B5E6437AD0109C781 /* MaskFormatterTests.swift */; };
		7E0E499B0DB6517923BA8BC1 /* Auth.swift in Sources */ = {isa = PBXBuildFile; fileRef = 7E0E4093DE928D6DCF39E6B1 /* Auth.swift */; };
		7E0E49BFEB256FF12A538E23 /* BanksName.swift in Sources */ = {isa = PBXBuildFile; fileRef = 7E0E419FD37CA9A3585CACC9 /* BanksName.swift */; };
		7E0E49D1B07A7D24CA640E46 /* BottomSheetHeader.swift in Sources */ = {isa = PBXBuildFile; fileRef = 7E0E4241A0EB15988EAB2C47 /* BottomSheetHeader.swift */; };
		7E0E4A481BF0D0E172E5896A /* InitErrorState.swift in Sources */ = {isa = PBXBuildFile; fileRef = 7E0E40454568525E7DD91DC6 /* InitErrorState.swift */; };
		7E0E4A81630054EACAC987F7 /* Strings.swift in Sources */ = {isa = PBXBuildFile; fileRef = 7E0E419D843E66EB23F8B8CE /* Strings.swift */; };
		7E0E4AD56C81575A94E8C96E /* MoneyTests.swift in Sources */ = {isa = PBXBuildFile; fileRef = 7E0E49A64D064FB1C1FA10ED /* MoneyTests.swift */; };
		7E0E4B013810221530803D1D /* ProgressBarView.swift in Sources */ = {isa = PBXBuildFile; fileRef = 7E0E41701EB77D45776A34FE /* ProgressBarView.swift */; };
		7E0E4B40CE52A4ADF0427B1C /* NumberClearerUtils.swift in Sources */ = {isa = PBXBuildFile; fileRef = 7E0E4ACAE22A948CA7D40016 /* NumberClearerUtils.swift */; };
		7E0E4B838E5CCC44A12E6480 /* Regex.swift in Sources */ = {isa = PBXBuildFile; fileRef = 7E0E4FE567E01C3E55C295E6 /* Regex.swift */; };
		7E0E4B8C52FFE22278B08C67 /* MaskUtils.swift in Sources */ = {isa = PBXBuildFile; fileRef = 7E0E4746FAA131C860B0819A /* MaskUtils.swift */; };
		7E0E4B9681D951F35ABB7C02 /* Routes.swift in Sources */ = {isa = PBXBuildFile; fileRef = 7E0E4644B22E02F7E0800CA1 /* Routes.swift */; };
		7E0E4BD43973E973169A3531 /* Fonts.swift in Sources */ = {isa = PBXBuildFile; fileRef = 7E0E49BA314F516AB7016425 /* Fonts.swift */; };
		7E0E4BDC49521D84EA68B694 /* CardUtils.swift in Sources */ = {isa = PBXBuildFile; fileRef = 7E0E404DEDED5BFB5370E2DE /* CardUtils.swift */; };
		7E0E4C29F31732D0FA0114EA /* Montserrat-Medium.ttf in Resources */ = {isa = PBXBuildFile; fileRef = 7E0E460F6E54B2B4816460B8 /* Montserrat-Medium.ttf */; };
		7E0E4C7A59F979BCD2A61F8D /* SwitchedView.swift in Sources */ = {isa = PBXBuildFile; fileRef = 7E0E4EB387A52E1880097F6B /* SwitchedView.swift */; };
		7E0E4C92F232AED4B2B4FF1A /* CardType.swift in Sources */ = {isa = PBXBuildFile; fileRef = 7E0E4669AF56C9D7716D0767 /* CardType.swift */; };
		7E0E4C972BA60682BD3403AF /* CvvView.swift in Sources */ = {isa = PBXBuildFile; fileRef = 7E0E4BD51496E70E7C859463 /* CvvView.swift */; };
		7E0E4CC403E5A8A6246683AE /* BaseStrings.swift in Sources */ = {isa = PBXBuildFile; fileRef = 7E0E4D996398E17A75A05C4B /* BaseStrings.swift */; };
		7E0E4D3DD6C063E79F452FD9 /* GetNumberCleatedWithMaxSizeTests.swift in Sources */ = {isa = PBXBuildFile; fileRef = 7E0E40143537D170E31CE580 /* GetNumberCleatedWithMaxSizeTests.swift */; };
		7E0E4D58DA69E029ED6149E7 /* CardNumberView.swift in Sources */ = {isa = PBXBuildFile; fileRef = 7E0E487452847A3821101311 /* CardNumberView.swift */; };
		7E0E4DC8E9AD6A749B15E7FE /* StartProcessingView.swift in Sources */ = {isa = PBXBuildFile; fileRef = 7E0E47E506FEE024DA5CE22C /* StartProcessingView.swift */; };
		7E0E4E0E6342A0833F0C59D3 /* CoreEditText.swift in Sources */ = {isa = PBXBuildFile; fileRef = 7E0E4757E188BEB3DDB5570D /* CoreEditText.swift */; };
		7E0E4E6FB034C26D5A0FF92E /* CardAdd.swift in Sources */ = {isa = PBXBuildFile; fileRef = 7E0E4F0F556E8E2E55E6CBA6 /* CardAdd.swift */; };
		7E0E4EF4494680946703A9C0 /* ViewToolbar.swift in Sources */ = {isa = PBXBuildFile; fileRef = 7E0E49F85FF292EA2283E256 /* ViewToolbar.swift */; };
		7E0E4F093C9838FA12AD9FC0 /* DataHolder.swift in Sources */ = {isa = PBXBuildFile; fileRef = 7E0E4CCA9027B4651F38D4CC /* DataHolder.swift */; };
		7E0E4F68BE8480C23596039D /* PaymentEntry.swift in Sources */ = {isa = PBXBuildFile; fileRef = 7E0E4593FCDE5DE04B499D90 /* PaymentEntry.swift */; };
		7E0E4F6B335DEBC5C6CEF0CB /* ErrorWithInstructionPage.swift in Sources */ = {isa = PBXBuildFile; fileRef = 7E0E4C888079F4D27D6A91A3 /* ErrorWithInstructionPage.swift */; };
		7E0E4F7C59E7C8006B7858C0 /* ErrorsCode.swift in Sources */ = {isa = PBXBuildFile; fileRef = 7E0E4BEF9C2223D41EBEB598 /* ErrorsCode.swift */; };
		9180B8BB7CD28337E14403BC /* Pods_ApayIOS.framework in Frameworks */ = {isa = PBXBuildFile; fileRef = E8F32C52DCD3D54B6D8DDCF7 /* Pods_ApayIOS.framework */; };
		CD8F4CA3E32BC196592A7D16 /* Pods_ApayIOS_ApayIOSUITests.framework in Frameworks */ = {isa = PBXBuildFile; fileRef = 129E392C69ACDD6C26D6EE43 /* Pods_ApayIOS_ApayIOSUITests.framework */; };
		DC0FCBBE2A8A26D5009C33EF /* ApayIOSApp.swift in Sources */ = {isa = PBXBuildFile; fileRef = DC0FCBBD2A8A26D5009C33EF /* ApayIOSApp.swift */; };
		DC0FCBC22A8A26D5009C33EF /* Assets.xcassets in Resources */ = {isa = PBXBuildFile; fileRef = DC0FCBC12A8A26D5009C33EF /* Assets.xcassets */; };
		DC0FCBC52A8A26D5009C33EF /* Preview Assets.xcassets in Resources */ = {isa = PBXBuildFile; fileRef = DC0FCBC42A8A26D5009C33EF /* Preview Assets.xcassets */; };
		DC0FCBD92A8A26D6009C33EF /* ApayIOSUITests.swift in Sources */ = {isa = PBXBuildFile; fileRef = DC0FCBD82A8A26D6009C33EF /* ApayIOSUITests.swift */; };
		DC0FCBDB2A8A26D6009C33EF /* ApayIOSUITestsLaunchTests.swift in Sources */ = {isa = PBXBuildFile; fileRef = DC0FCBDA2A8A26D6009C33EF /* ApayIOSUITestsLaunchTests.swift */; };
		DC0FCBF32A8A2AAB009C33EF /* SuccessPage.swift in Sources */ = {isa = PBXBuildFile; fileRef = DC0FCBF22A8A2AAB009C33EF /* SuccessPage.swift */; };
		DC0FCBF92A8A5020009C33EF /* ColorsSdk.swift in Sources */ = {isa = PBXBuildFile; fileRef = DC0FCBF82A8A5020009C33EF /* ColorsSdk.swift */; };
		DC1FF08F2A8B976F00E561DC /* ColorUtils.swift in Sources */ = {isa = PBXBuildFile; fileRef = DC1FF08E2A8B976F00E561DC /* ColorUtils.swift */; };
		DC46C8412A8CDC8000D3A322 /* info2.plist in Resources */ = {isa = PBXBuildFile; fileRef = DC46C8402A8CDC8000D3A322 /* info2.plist */; };
		DC82DD632A8E4B3700E8B6AC /* CardLuhnAlgorithmTests2.swift in Sources */ = {isa = PBXBuildFile; fileRef = DC82DD622A8E4B3700E8B6AC /* CardLuhnAlgorithmTests2.swift */; };
		DC82DD652A8E4B8200E8B6AC /* CardDateTests2.swift in Sources */ = {isa = PBXBuildFile; fileRef = DC82DD642A8E4B8200E8B6AC /* CardDateTests2.swift */; };
		F1B022DB31D6316D1043E9AE /* Pods_ApayIOSTests.framework in Frameworks */ = {isa = PBXBuildFile; fileRef = 0EFABC8AD5562CDCE26B3241 /* Pods_ApayIOSTests.framework */; };
/* End PBXBuildFile section */

/* Begin PBXContainerItemProxy section */
		DC0FCBCB2A8A26D6009C33EF /* PBXContainerItemProxy */ = {
			isa = PBXContainerItemProxy;
			containerPortal = DC0FCBB22A8A26D5009C33EF /* Project object */;
			proxyType = 1;
			remoteGlobalIDString = DC0FCBB92A8A26D5009C33EF;
			remoteInfo = ApayIOS;
		};
		DC0FCBD52A8A26D6009C33EF /* PBXContainerItemProxy */ = {
			isa = PBXContainerItemProxy;
			containerPortal = DC0FCBB22A8A26D5009C33EF /* Project object */;
			proxyType = 1;
			remoteGlobalIDString = DC0FCBB92A8A26D5009C33EF;
			remoteInfo = ApayIOS;
		};
/* End PBXContainerItemProxy section */

/* Begin PBXFileReference section */
		0EFABC8AD5562CDCE26B3241 /* Pods_ApayIOSTests.framework */ = {isa = PBXFileReference; explicitFileType = wrapper.framework; includeInIndex = 0; path = Pods_ApayIOSTests.framework; sourceTree = BUILT_PRODUCTS_DIR; };
		129E392C69ACDD6C26D6EE43 /* Pods_ApayIOS_ApayIOSUITests.framework */ = {isa = PBXFileReference; explicitFileType = wrapper.framework; includeInIndex = 0; path = Pods_ApayIOS_ApayIOSUITests.framework; sourceTree = BUILT_PRODUCTS_DIR; };
		2B8B356CA14A9899C64C46C9 /* Pods-ApayIOS.release.xcconfig */ = {isa = PBXFileReference; includeInIndex = 1; lastKnownFileType = text.xcconfig; name = "Pods-ApayIOS.release.xcconfig"; path = "Target Support Files/Pods-ApayIOS/Pods-ApayIOS.release.xcconfig"; sourceTree = "<group>"; };
		488881E8DC2D208084480677 /* Pods-ApayIOSTests.debug.xcconfig */ = {isa = PBXFileReference; includeInIndex = 1; lastKnownFileType = text.xcconfig; name = "Pods-ApayIOSTests.debug.xcconfig"; path = "Target Support Files/Pods-ApayIOSTests/Pods-ApayIOSTests.debug.xcconfig"; sourceTree = "<group>"; };
		6841D972DCF597063CED50B6 /* Pods-ApayIOSTests.release.xcconfig */ = {isa = PBXFileReference; includeInIndex = 1; lastKnownFileType = text.xcconfig; name = "Pods-ApayIOSTests.release.xcconfig"; path = "Target Support Files/Pods-ApayIOSTests/Pods-ApayIOSTests.release.xcconfig"; sourceTree = "<group>"; };
		7E0E40143537D170E31CE580 /* GetNumberCleatedWithMaxSizeTests.swift */ = {isa = PBXFileReference; fileEncoding = 4; lastKnownFileType = sourcecode.swift; path = GetNumberCleatedWithMaxSizeTests.swift; sourceTree = "<group>"; };
		7E0E40454568525E7DD91DC6 /* InitErrorState.swift */ = {isa = PBXFileReference; fileEncoding = 4; lastKnownFileType = sourcecode.swift; path = InitErrorState.swift; sourceTree = "<group>"; };
		7E0E404DEDED5BFB5370E2DE /* CardUtils.swift */ = {isa = PBXFileReference; fileEncoding = 4; lastKnownFileType = sourcecode.swift; path = CardUtils.swift; sourceTree = "<group>"; };
		7E0E4093DE928D6DCF39E6B1 /* Auth.swift */ = {isa = PBXFileReference; fileEncoding = 4; lastKnownFileType = sourcecode.swift; path = Auth.swift; sourceTree = "<group>"; };
		7E0E412662828661C254B739 /* RepeatPage.swift */ = {isa = PBXFileReference; fileEncoding = 4; lastKnownFileType = sourcecode.swift; path = RepeatPage.swift; sourceTree = "<group>"; };
		7E0E41373046447B451B3375 /* CardsGet.swift */ = {isa = PBXFileReference; fileEncoding = 4; lastKnownFileType = sourcecode.swift; path = CardsGet.swift; sourceTree = "<group>"; };
		7E0E41701EB77D45776A34FE /* ProgressBarView.swift */ = {isa = PBXFileReference; fileEncoding = 4; lastKnownFileType = sourcecode.swift; path = ProgressBarView.swift; sourceTree = "<group>"; };
		7E0E419D843E66EB23F8B8CE /* Strings.swift */ = {isa = PBXFileReference; fileEncoding = 4; lastKnownFileType = sourcecode.swift; path = Strings.swift; sourceTree = "<group>"; };
		7E0E419FD37CA9A3585CACC9 /* BanksName.swift */ = {isa = PBXFileReference; fileEncoding = 4; lastKnownFileType = sourcecode.swift; path = BanksName.swift; sourceTree = "<group>"; };
		7E0E41A5CF56E1E61A2FFAD4 /* Montserrat-Regular.ttf */ = {isa = PBXFileReference; lastKnownFileType = file.ttf; path = "Montserrat-Regular.ttf"; sourceTree = "<group>"; };
		7E0E4207AACAD47D68A029FF /* ViewButton.swift */ = {isa = PBXFileReference; fileEncoding = 4; lastKnownFileType = sourcecode.swift; path = ViewButton.swift; sourceTree = "<group>"; };
		7E0E423B5E6437AD0109C781 /* MaskFormatterTests.swift */ = {isa = PBXFileReference; fileEncoding = 4; lastKnownFileType = sourcecode.swift; path = MaskFormatterTests.swift; sourceTree = "<group>"; };
		7E0E4241A0EB15988EAB2C47 /* BottomSheetHeader.swift */ = {isa = PBXFileReference; fileEncoding = 4; lastKnownFileType = sourcecode.swift; path = BottomSheetHeader.swift; sourceTree = "<group>"; };
		7E0E4253AB9A342658701F4B /* PaymentInfo.swift */ = {isa = PBXFileReference; fileEncoding = 4; lastKnownFileType = sourcecode.swift; path = PaymentInfo.swift; sourceTree = "<group>"; };
		7E0E42747F1C99013AC8218A /* DateExpiredView.swift */ = {isa = PBXFileReference; fileEncoding = 4; lastKnownFileType = sourcecode.swift; path = DateExpiredView.swift; sourceTree = "<group>"; };
		7E0E42A5F5B037D28E709079 /* Popup.swift */ = {isa = PBXFileReference; fileEncoding = 4; lastKnownFileType = sourcecode.swift; path = Popup.swift; sourceTree = "<group>"; };
		7E0E43E4F18F7E43D9AA68F6 /* ErrorPage.swift */ = {isa = PBXFileReference; fileEncoding = 4; lastKnownFileType = sourcecode.swift; path = ErrorPage.swift; sourceTree = "<group>"; };
		7E0E43EAE73E4D5B13BD8D4E /* ErrorFinalPage.swift */ = {isa = PBXFileReference; fileEncoding = 4; lastKnownFileType = sourcecode.swift; path = ErrorFinalPage.swift; sourceTree = "<group>"; };
		7E0E43FE07888911C397A930 /* CardDateUtils.swift */ = {isa = PBXFileReference; fileEncoding = 4; lastKnownFileType = sourcecode.swift; path = CardDateUtils.swift; sourceTree = "<group>"; };
		7E0E4593FCDE5DE04B499D90 /* PaymentEntry.swift */ = {isa = PBXFileReference; fileEncoding = 4; lastKnownFileType = sourcecode.swift; path = PaymentEntry.swift; sourceTree = "<group>"; };
		7E0E45C3A4A99286F1579FAE /* DialogExit.swift */ = {isa = PBXFileReference; fileEncoding = 4; lastKnownFileType = sourcecode.swift; path = DialogExit.swift; sourceTree = "<group>"; };
		7E0E45E96B0A4E8DCFA1D2E5 /* HomePage.swift */ = {isa = PBXFileReference; fileEncoding = 4; lastKnownFileType = sourcecode.swift; path = HomePage.swift; sourceTree = "<group>"; };
		7E0E460F6E54B2B4816460B8 /* Montserrat-Medium.ttf */ = {isa = PBXFileReference; lastKnownFileType = file.ttf; path = "Montserrat-Medium.ttf"; sourceTree = "<group>"; };
		7E0E4644B22E02F7E0800CA1 /* Routes.swift */ = {isa = PBXFileReference; fileEncoding = 4; lastKnownFileType = sourcecode.swift; path = Routes.swift; sourceTree = "<group>"; };
		7E0E464AEA9AFCF0DB485A40 /* TopInfoView.swift */ = {isa = PBXFileReference; fileEncoding = 4; lastKnownFileType = sourcecode.swift; path = TopInfoView.swift; sourceTree = "<group>"; };
		7E0E4669AF56C9D7716D0767 /* CardType.swift */ = {isa = PBXFileReference; fileEncoding = 4; lastKnownFileType = sourcecode.swift; path = CardType.swift; sourceTree = "<group>"; };
		7E0E4746FAA131C860B0819A /* MaskUtils.swift */ = {isa = PBXFileReference; fileEncoding = 4; lastKnownFileType = sourcecode.swift; path = MaskUtils.swift; sourceTree = "<group>"; };
		7E0E4757E188BEB3DDB5570D /* CoreEditText.swift */ = {isa = PBXFileReference; fileEncoding = 4; lastKnownFileType = sourcecode.swift; path = CoreEditText.swift; sourceTree = "<group>"; };
		7E0E4782D21E800E7EBE4DA8 /* CvvBottomSheet.swift */ = {isa = PBXFileReference; fileEncoding = 4; lastKnownFileType = sourcecode.swift; path = CvvBottomSheet.swift; sourceTree = "<group>"; };
		7E0E478612CF8F08959597A7 /* Montserrat-SemiBold.ttf */ = {isa = PBXFileReference; lastKnownFileType = file.ttf; path = "Montserrat-SemiBold.ttf"; sourceTree = "<group>"; };
		7E0E47A48DAA8230D8C988A8 /* AirbaPaySdk.swift */ = {isa = PBXFileReference; fileEncoding = 4; lastKnownFileType = sourcecode.swift; path = AirbaPaySdk.swift; sourceTree = "<group>"; };
		7E0E47E506FEE024DA5CE22C /* StartProcessingView.swift */ = {isa = PBXFileReference; fileEncoding = 4; lastKnownFileType = sourcecode.swift; path = StartProcessingView.swift; sourceTree = "<group>"; };
		7E0E487452847A3821101311 /* CardNumberView.swift */ = {isa = PBXFileReference; fileEncoding = 4; lastKnownFileType = sourcecode.swift; path = CardNumberView.swift; sourceTree = "<group>"; };
		7E0E487FE752010A6FC4B18B /* ViewEditText.swift */ = {isa = PBXFileReference; fileEncoding = 4; lastKnownFileType = sourcecode.swift; path = ViewEditText.swift; sourceTree = "<group>"; };
		7E0E48F5255651E4DB9353C9 /* WebViewPage.swift */ = {isa = PBXFileReference; fileEncoding = 4; lastKnownFileType = sourcecode.swift; path = WebViewPage.swift; sourceTree = "<group>"; };
		7E0E4949601130990749DCDC /* PaymentCreate.swift */ = {isa = PBXFileReference; fileEncoding = 4; lastKnownFileType = sourcecode.swift; path = PaymentCreate.swift; sourceTree = "<group>"; };
		7E0E49920B29342ACD65C22E /* InstructionWebViewClient.swift */ = {isa = PBXFileReference; fileEncoding = 4; lastKnownFileType = sourcecode.swift; path = InstructionWebViewClient.swift; sourceTree = "<group>"; };
		7E0E49A64D064FB1C1FA10ED /* MoneyTests.swift */ = {isa = PBXFileReference; fileEncoding = 4; lastKnownFileType = sourcecode.swift; path = MoneyTests.swift; sourceTree = "<group>"; };
		7E0E49BA314F516AB7016425 /* Fonts.swift */ = {isa = PBXFileReference; fileEncoding = 4; lastKnownFileType = sourcecode.swift; path = Fonts.swift; sourceTree = "<group>"; };
		7E0E49F85FF292EA2283E256 /* ViewToolbar.swift */ = {isa = PBXFileReference; fileEncoding = 4; lastKnownFileType = sourcecode.swift; path = ViewToolbar.swift; sourceTree = "<group>"; };
		7E0E4A416E8857482CC523EF /* Montserrat-Bold.ttf */ = {isa = PBXFileReference; lastKnownFileType = file.ttf; path = "Montserrat-Bold.ttf"; sourceTree = "<group>"; };
		7E0E4ACAE22A948CA7D40016 /* NumberClearerUtils.swift */ = {isa = PBXFileReference; fileEncoding = 4; lastKnownFileType = sourcecode.swift; path = NumberClearerUtils.swift; sourceTree = "<group>"; };
		7E0E4BD51496E70E7C859463 /* CvvView.swift */ = {isa = PBXFileReference; fileEncoding = 4; lastKnownFileType = sourcecode.swift; path = CvvView.swift; sourceTree = "<group>"; };
		7E0E4BED15762906251BAF22 /* GetNumberCleatedTests.swift */ = {isa = PBXFileReference; fileEncoding = 4; lastKnownFileType = sourcecode.swift; path = GetNumberCleatedTests.swift; sourceTree = "<group>"; };
		7E0E4BEF9C2223D41EBEB598 /* ErrorsCode.swift */ = {isa = PBXFileReference; fileEncoding = 4; lastKnownFileType = sourcecode.swift; path = ErrorsCode.swift; sourceTree = "<group>"; };
		7E0E4BF92B6723B7BAA74ADB /* InitAPay.swift */ = {isa = PBXFileReference; fileEncoding = 4; lastKnownFileType = sourcecode.swift; path = InitAPay.swift; sourceTree = "<group>"; };
		7E0E4C74A80676573E9AD57E /* ErrorSomethingWrongPage.swift */ = {isa = PBXFileReference; fileEncoding = 4; lastKnownFileType = sourcecode.swift; path = ErrorSomethingWrongPage.swift; sourceTree = "<group>"; };
		7E0E4C888079F4D27D6A91A3 /* ErrorWithInstructionPage.swift */ = {isa = PBXFileReference; fileEncoding = 4; lastKnownFileType = sourcecode.swift; path = ErrorWithInstructionPage.swift; sourceTree = "<group>"; };
		7E0E4CA71EAD9D9A6C9AC7A3 /* MoneyUtils.swift */ = {isa = PBXFileReference; fileEncoding = 4; lastKnownFileType = sourcecode.swift; path = MoneyUtils.swift; sourceTree = "<group>"; };
		7E0E4CBF22A82512D3EB157A /* InitCards.swift */ = {isa = PBXFileReference; fileEncoding = 4; lastKnownFileType = sourcecode.swift; path = InitCards.swift; sourceTree = "<group>"; };
		7E0E4CCA9027B4651F38D4CC /* DataHolder.swift */ = {isa = PBXFileReference; fileEncoding = 4; lastKnownFileType = sourcecode.swift; path = DataHolder.swift; sourceTree = "<group>"; };
		7E0E4D996398E17A75A05C4B /* BaseStrings.swift */ = {isa = PBXFileReference; fileEncoding = 4; lastKnownFileType = sourcecode.swift; path = BaseStrings.swift; sourceTree = "<group>"; };
		7E0E4DC1755A0121B787047A /* InitViewStartProcessingAmount.swift */ = {isa = PBXFileReference; fileEncoding = 4; lastKnownFileType = sourcecode.swift; path = InitViewStartProcessingAmount.swift; sourceTree = "<group>"; };
		7E0E4E0263C6030598DA3D25 /* BottomImages.swift */ = {isa = PBXFileReference; fileEncoding = 4; lastKnownFileType = sourcecode.swift; path = BottomImages.swift; sourceTree = "<group>"; };
		7E0E4E280F701FDE413DC3BC /* InitButonNext.swift */ = {isa = PBXFileReference; fileEncoding = 4; lastKnownFileType = sourcecode.swift; path = InitButonNext.swift; sourceTree = "<group>"; };
		7E0E4EB387A52E1880097F6B /* SwitchedView.swift */ = {isa = PBXFileReference; fileEncoding = 4; lastKnownFileType = sourcecode.swift; path = SwitchedView.swift; sourceTree = "<group>"; };
		7E0E4F0F556E8E2E55E6CBA6 /* CardAdd.swift */ = {isa = PBXFileReference; fileEncoding = 4; lastKnownFileType = sourcecode.swift; path = CardAdd.swift; sourceTree = "<group>"; };
		7E0E4F586AD160C175A26160 /* InitPayWithNewCard.swift */ = {isa = PBXFileReference; fileEncoding = 4; lastKnownFileType = sourcecode.swift; path = InitPayWithNewCard.swift; sourceTree = "<group>"; };
		7E0E4F9934EAC5D546EFC255 /* BottomSheetUtils.swift */ = {isa = PBXFileReference; fileEncoding = 4; lastKnownFileType = sourcecode.swift; path = BottomSheetUtils.swift; sourceTree = "<group>"; };
		7E0E4FE567E01C3E55C295E6 /* Regex.swift */ = {isa = PBXFileReference; fileEncoding = 4; lastKnownFileType = sourcecode.swift; path = Regex.swift; sourceTree = "<group>"; };
		7E0E4FFB61E525F711672857 /* TestPage.swift */ = {isa = PBXFileReference; fileEncoding = 4; lastKnownFileType = sourcecode.swift; path = TestPage.swift; sourceTree = "<group>"; };
		8DA16FF88F17BC0417EC69D2 /* Pods-ApayIOS-ApayIOSUITests.debug.xcconfig */ = {isa = PBXFileReference; includeInIndex = 1; lastKnownFileType = text.xcconfig; name = "Pods-ApayIOS-ApayIOSUITests.debug.xcconfig"; path = "Target Support Files/Pods-ApayIOS-ApayIOSUITests/Pods-ApayIOS-ApayIOSUITests.debug.xcconfig"; sourceTree = "<group>"; };
		9C3E72F51E5E9475A937AE1F /* Pods-ApayIOS-ApayIOSUITests.release.xcconfig */ = {isa = PBXFileReference; includeInIndex = 1; lastKnownFileType = text.xcconfig; name = "Pods-ApayIOS-ApayIOSUITests.release.xcconfig"; path = "Target Support Files/Pods-ApayIOS-ApayIOSUITests/Pods-ApayIOS-ApayIOSUITests.release.xcconfig"; sourceTree = "<group>"; };
		A28C8D26A8051154956BA317 /* Pods-ApayIOS.debug.xcconfig */ = {isa = PBXFileReference; includeInIndex = 1; lastKnownFileType = text.xcconfig; name = "Pods-ApayIOS.debug.xcconfig"; path = "Target Support Files/Pods-ApayIOS/Pods-ApayIOS.debug.xcconfig"; sourceTree = "<group>"; };
		DC0FCBBA2A8A26D5009C33EF /* ApayIOS.app */ = {isa = PBXFileReference; explicitFileType = wrapper.application; includeInIndex = 0; path = ApayIOS.app; sourceTree = BUILT_PRODUCTS_DIR; };
		DC0FCBBD2A8A26D5009C33EF /* ApayIOSApp.swift */ = {isa = PBXFileReference; lastKnownFileType = sourcecode.swift; path = ApayIOSApp.swift; sourceTree = "<group>"; };
		DC0FCBC12A8A26D5009C33EF /* Assets.xcassets */ = {isa = PBXFileReference; lastKnownFileType = folder.assetcatalog; path = Assets.xcassets; sourceTree = "<group>"; };
		DC0FCBC42A8A26D5009C33EF /* Preview Assets.xcassets */ = {isa = PBXFileReference; lastKnownFileType = folder.assetcatalog; path = "Preview Assets.xcassets"; sourceTree = "<group>"; };
		DC0FCBCA2A8A26D6009C33EF /* ApayIOSTests.xctest */ = {isa = PBXFileReference; explicitFileType = wrapper.cfbundle; includeInIndex = 0; path = ApayIOSTests.xctest; sourceTree = BUILT_PRODUCTS_DIR; };
		DC0FCBD42A8A26D6009C33EF /* ApayIOSUITests.xctest */ = {isa = PBXFileReference; explicitFileType = wrapper.cfbundle; includeInIndex = 0; path = ApayIOSUITests.xctest; sourceTree = BUILT_PRODUCTS_DIR; };
		DC0FCBD82A8A26D6009C33EF /* ApayIOSUITests.swift */ = {isa = PBXFileReference; lastKnownFileType = sourcecode.swift; path = ApayIOSUITests.swift; sourceTree = "<group>"; };
		DC0FCBDA2A8A26D6009C33EF /* ApayIOSUITestsLaunchTests.swift */ = {isa = PBXFileReference; lastKnownFileType = sourcecode.swift; path = ApayIOSUITestsLaunchTests.swift; sourceTree = "<group>"; };
		DC0FCBF22A8A2AAB009C33EF /* SuccessPage.swift */ = {isa = PBXFileReference; lastKnownFileType = sourcecode.swift; path = SuccessPage.swift; sourceTree = "<group>"; };
		DC0FCBF82A8A5020009C33EF /* ColorsSdk.swift */ = {isa = PBXFileReference; lastKnownFileType = sourcecode.swift; path = ColorsSdk.swift; sourceTree = "<group>"; };
		DC1FF08E2A8B976F00E561DC /* ColorUtils.swift */ = {isa = PBXFileReference; lastKnownFileType = sourcecode.swift; path = ColorUtils.swift; sourceTree = "<group>"; };
		DC46C8402A8CDC8000D3A322 /* info2.plist */ = {isa = PBXFileReference; lastKnownFileType = text.plist.xml; path = info2.plist; sourceTree = "<group>"; };
		DC82DD622A8E4B3700E8B6AC /* CardLuhnAlgorithmTests2.swift */ = {isa = PBXFileReference; lastKnownFileType = sourcecode.swift; path = CardLuhnAlgorithmTests2.swift; sourceTree = "<group>"; };
		DC82DD642A8E4B8200E8B6AC /* CardDateTests2.swift */ = {isa = PBXFileReference; lastKnownFileType = sourcecode.swift; path = CardDateTests2.swift; sourceTree = "<group>"; };
		E8F32C52DCD3D54B6D8DDCF7 /* Pods_ApayIOS.framework */ = {isa = PBXFileReference; explicitFileType = wrapper.framework; includeInIndex = 0; path = Pods_ApayIOS.framework; sourceTree = BUILT_PRODUCTS_DIR; };
/* End PBXFileReference section */

/* Begin PBXFrameworksBuildPhase section */
		DC0FCBB72A8A26D5009C33EF /* Frameworks */ = {
			isa = PBXFrameworksBuildPhase;
			buildActionMask = 2147483647;
			files = (
				9180B8BB7CD28337E14403BC /* Pods_ApayIOS.framework in Frameworks */,
			);
			runOnlyForDeploymentPostprocessing = 0;
		};
		DC0FCBC72A8A26D6009C33EF /* Frameworks */ = {
			isa = PBXFrameworksBuildPhase;
			buildActionMask = 2147483647;
			files = (
				F1B022DB31D6316D1043E9AE /* Pods_ApayIOSTests.framework in Frameworks */,
			);
			runOnlyForDeploymentPostprocessing = 0;
		};
		DC0FCBD12A8A26D6009C33EF /* Frameworks */ = {
			isa = PBXFrameworksBuildPhase;
			buildActionMask = 2147483647;
			files = (
				CD8F4CA3E32BC196592A7D16 /* Pods_ApayIOS_ApayIOSUITests.framework in Frameworks */,
			);
			runOnlyForDeploymentPostprocessing = 0;
		};
/* End PBXFrameworksBuildPhase section */

/* Begin PBXGroup section */
		3BB63302F78DC0EE7B6F6257 /* Frameworks */ = {
			isa = PBXGroup;
			children = (
				E8F32C52DCD3D54B6D8DDCF7 /* Pods_ApayIOS.framework */,
				129E392C69ACDD6C26D6EE43 /* Pods_ApayIOS_ApayIOSUITests.framework */,
				0EFABC8AD5562CDCE26B3241 /* Pods_ApayIOSTests.framework */,
			);
			name = Frameworks;
			sourceTree = "<group>";
		};
		7E0E40CC633CE8A00AC3B24A /* bl */ = {
			isa = PBXGroup;
			children = (
			);
			path = bl;
			sourceTree = "<group>";
		};
		7E0E411C1E33F6D6E63DE60D /* network */ = {
			isa = PBXGroup;
			children = (
			);
			path = network;
			sourceTree = "<group>";
		};
		7E0E4189528DB72730532579 /* webview */ = {
			isa = PBXGroup;
			children = (
				7E0E48F5255651E4DB9353C9 /* WebViewPage.swift */,
			);
			path = webview;
			sourceTree = "<group>";
		};
		7E0E4304B02D108022DFECD3 /* start_processing_ext */ = {
			isa = PBXGroup;
			children = (
				7E0E4DC1755A0121B787047A /* InitViewStartProcessingAmount.swift */,
				7E0E4BF92B6723B7BAA74ADB /* InitAPay.swift */,
				7E0E4CBF22A82512D3EB157A /* InitCards.swift */,
				7E0E4F586AD160C175A26160 /* InitPayWithNewCard.swift */,
				7E0E4E280F701FDE413DC3BC /* InitButonNext.swift */,
				7E0E40454568525E7DD91DC6 /* InitErrorState.swift */,
			);
			path = start_processing_ext;
			sourceTree = "<group>";
		};
		7E0E4354379E7D36347545EA /* test_for_card */ = {
			isa = PBXGroup;
			children = (
				DC82DD622A8E4B3700E8B6AC /* CardLuhnAlgorithmTests2.swift */,
				DC82DD642A8E4B8200E8B6AC /* CardDateTests2.swift */,
			);
			path = test_for_card;
			sourceTree = "<group>";
		};
		7E0E44412AAEC97D6CDD97EC /* repeat */ = {
			isa = PBXGroup;
			children = (
				7E0E412662828661C254B739 /* RepeatPage.swift */,
			);
			path = repeat;
			sourceTree = "<group>";
		};
		7E0E457DF9E9B126D91BA805 /* presentation */ = {
			isa = PBXGroup;
			children = (
				7E0E464AEA9AFCF0DB485A40 /* TopInfoView.swift */,
				7E0E4EB387A52E1880097F6B /* SwitchedView.swift */,
				7E0E42747F1C99013AC8218A /* DateExpiredView.swift */,
				7E0E4BD51496E70E7C859463 /* CvvView.swift */,
				7E0E4782D21E800E7EBE4DA8 /* CvvBottomSheet.swift */,
				7E0E487452847A3821101311 /* CardNumberView.swift */,
				7E0E4E0263C6030598DA3D25 /* BottomImages.swift */,
			);
			path = presentation;
			sourceTree = "<group>";
		};
		7E0E4608C777581DDF6C3D15 /* test_for_data */ = {
			isa = PBXGroup;
			children = (
				7E0E49A64D064FB1C1FA10ED /* MoneyTests.swift */,
				7E0E423B5E6437AD0109C781 /* MaskFormatterTests.swift */,
				7E0E40143537D170E31CE580 /* GetNumberCleatedWithMaxSizeTests.swift */,
				7E0E4BED15762906251BAF22 /* GetNumberCleatedTests.swift */,
			);
			path = test_for_data;
			sourceTree = "<group>";
		};
		7E0E463BC070A5FA4793AE13 /* card_utils */ = {
			isa = PBXGroup;
			children = (
				7E0E4669AF56C9D7716D0767 /* CardType.swift */,
				7E0E404DEDED5BFB5370E2DE /* CardUtils.swift */,
				7E0E43FE07888911C397A930 /* CardDateUtils.swift */,
			);
			path = card_utils;
			sourceTree = "<group>";
		};
		7E0E46D4E8818AC48F7A8A88 /* home */ = {
			isa = PBXGroup;
			children = (
				7E0E45E96B0A4E8DCFA1D2E5 /* HomePage.swift */,
				7E0E40CC633CE8A00AC3B24A /* bl */,
				7E0E457DF9E9B126D91BA805 /* presentation */,
			);
			path = home;
			sourceTree = "<group>";
		};
		7E0E46F0258569F383EC6103 /* ui_components */ = {
			isa = PBXGroup;
			children = (
				7E0E4207AACAD47D68A029FF /* ViewButton.swift */,
				7E0E41701EB77D45776A34FE /* ProgressBarView.swift */,
				7E0E49F85FF292EA2283E256 /* ViewToolbar.swift */,
				7E0E4EA11EA4AA2375992A8F /* edit_text_core */,
				7E0E4241A0EB15988EAB2C47 /* BottomSheetHeader.swift */,
				7E0E4F9934EAC5D546EFC255 /* BottomSheetUtils.swift */,
			);
			path = ui_components;
			sourceTree = "<group>";
		};
		7E0E4A39487E5DACFAEB55CB /* constants */ = {
			isa = PBXGroup;
			children = (
				7E0E419FD37CA9A3585CACC9 /* BanksName.swift */,
				7E0E4BEF9C2223D41EBEB598 /* ErrorsCode.swift */,
				7E0E419D843E66EB23F8B8CE /* Strings.swift */,
				7E0E4644B22E02F7E0800CA1 /* Routes.swift */,
				7E0E4FE567E01C3E55C295E6 /* Regex.swift */,
			);
			path = constants;
			sourceTree = "<group>";
		};
		7E0E4B5FF21495907759E740 /* model */ = {
			isa = PBXGroup;
			children = (
				7E0E4093DE928D6DCF39E6B1 /* Auth.swift */,
				7E0E4F0F556E8E2E55E6CBA6 /* CardAdd.swift */,
				7E0E41373046447B451B3375 /* CardsGet.swift */,
				7E0E4949601130990749DCDC /* PaymentCreate.swift */,
				7E0E4593FCDE5DE04B499D90 /* PaymentEntry.swift */,
				7E0E4253AB9A342658701F4B /* PaymentInfo.swift */,
			);
			path = model;
			sourceTree = "<group>";
		};
		7E0E4D8B1C182D074BB50239 /* error */ = {
			isa = PBXGroup;
			children = (
				7E0E4C74A80676573E9AD57E /* ErrorSomethingWrongPage.swift */,
				7E0E43EAE73E4D5B13BD8D4E /* ErrorFinalPage.swift */,
				7E0E43E4F18F7E43D9AA68F6 /* ErrorPage.swift */,
				7E0E4C888079F4D27D6A91A3 /* ErrorWithInstructionPage.swift */,
				7E0E49920B29342ACD65C22E /* InstructionWebViewClient.swift */,
			);
			path = error;
			sourceTree = "<group>";
		};
		7E0E4E6F238EF72BD4230D67 /* font */ = {
			isa = PBXGroup;
			children = (
				7E0E4A416E8857482CC523EF /* Montserrat-Bold.ttf */,
				7E0E460F6E54B2B4816460B8 /* Montserrat-Medium.ttf */,
				7E0E41A5CF56E1E61A2FFAD4 /* Montserrat-Regular.ttf */,
				7E0E478612CF8F08959597A7 /* Montserrat-SemiBold.ttf */,
			);
			path = font;
			sourceTree = "<group>";
		};
		7E0E4EA11EA4AA2375992A8F /* edit_text_core */ = {
			isa = PBXGroup;
			children = (
				7E0E487FE752010A6FC4B18B /* ViewEditText.swift */,
				7E0E4757E188BEB3DDB5570D /* CoreEditText.swift */,
			);
			path = edit_text_core;
			sourceTree = "<group>";
		};
		7E0E4F997CAC05DFC2F9F1AD /* dialog */ = {
			isa = PBXGroup;
			children = (
				7E0E42A5F5B037D28E709079 /* Popup.swift */,
				7E0E45C3A4A99286F1579FAE /* DialogExit.swift */,
				7E0E47E506FEE024DA5CE22C /* StartProcessingView.swift */,
				7E0E4304B02D108022DFECD3 /* start_processing_ext */,
			);
			path = dialog;
			sourceTree = "<group>";
		};
		936B96223FA622ED2D19912E /* Pods */ = {
			isa = PBXGroup;
			children = (
				A28C8D26A8051154956BA317 /* Pods-ApayIOS.debug.xcconfig */,
				2B8B356CA14A9899C64C46C9 /* Pods-ApayIOS.release.xcconfig */,
				8DA16FF88F17BC0417EC69D2 /* Pods-ApayIOS-ApayIOSUITests.debug.xcconfig */,
				9C3E72F51E5E9475A937AE1F /* Pods-ApayIOS-ApayIOSUITests.release.xcconfig */,
				488881E8DC2D208084480677 /* Pods-ApayIOSTests.debug.xcconfig */,
				6841D972DCF597063CED50B6 /* Pods-ApayIOSTests.release.xcconfig */,
			);
			path = Pods;
			sourceTree = "<group>";
		};
		DC0FCBB12A8A26D4009C33EF = {
			isa = PBXGroup;
			children = (
				DC46C8402A8CDC8000D3A322 /* info2.plist */,
				DC0FCBBC2A8A26D5009C33EF /* ApayIOS */,
				DC0FCBCD2A8A26D6009C33EF /* ApayIOSTests */,
				DC0FCBD72A8A26D6009C33EF /* ApayIOSUITests */,
				DC0FCBBB2A8A26D5009C33EF /* Products */,
				936B96223FA622ED2D19912E /* Pods */,
				3BB63302F78DC0EE7B6F6257 /* Frameworks */,
			);
			sourceTree = "<group>";
		};
		DC0FCBBB2A8A26D5009C33EF /* Products */ = {
			isa = PBXGroup;
			children = (
				DC0FCBBA2A8A26D5009C33EF /* ApayIOS.app */,
				DC0FCBCA2A8A26D6009C33EF /* ApayIOSTests.xctest */,
				DC0FCBD42A8A26D6009C33EF /* ApayIOSUITests.xctest */,
			);
			name = Products;
			sourceTree = "<group>";
		};
		DC0FCBBC2A8A26D5009C33EF /* ApayIOS */ = {
			isa = PBXGroup;
			children = (
				DC0FCBBD2A8A26D5009C33EF /* ApayIOSApp.swift */,
				DC0FCBC12A8A26D5009C33EF /* Assets.xcassets */,
				DC0FCBE82A8A26F1009C33EF /* data */,
				DC0FCBC32A8A26D5009C33EF /* Preview Content */,
				DC0FCBE72A8A26EA009C33EF /* ui */,
				7E0E47A48DAA8230D8C988A8 /* AirbaPaySdk.swift */,
				7E0E411C1E33F6D6E63DE60D /* network */,
			);
			path = ApayIOS;
			sourceTree = "<group>";
		};
		DC0FCBC32A8A26D5009C33EF /* Preview Content */ = {
			isa = PBXGroup;
			children = (
				DC0FCBC42A8A26D5009C33EF /* Preview Assets.xcassets */,
			);
			path = "Preview Content";
			sourceTree = "<group>";
		};
		DC0FCBCD2A8A26D6009C33EF /* ApayIOSTests */ = {
			isa = PBXGroup;
			children = (
				7E0E4354379E7D36347545EA /* test_for_card */,
				7E0E4608C777581DDF6C3D15 /* test_for_data */,
			);
			path = ApayIOSTests;
			sourceTree = "<group>";
		};
		DC0FCBD72A8A26D6009C33EF /* ApayIOSUITests */ = {
			isa = PBXGroup;
			children = (
				DC0FCBD82A8A26D6009C33EF /* ApayIOSUITests.swift */,
				DC0FCBDA2A8A26D6009C33EF /* ApayIOSUITestsLaunchTests.swift */,
			);
			path = ApayIOSUITests;
			sourceTree = "<group>";
		};
		DC0FCBE72A8A26EA009C33EF /* ui */ = {
			isa = PBXGroup;
			children = (
				DC0FCBEA2A8A2989009C33EF /* pages */,
				DC0FCBF02A8A2A39009C33EF /* resources */,
				7E0E46F0258569F383EC6103 /* ui_components */,
				7E0E4FFB61E525F711672857 /* TestPage.swift */,
			);
			path = ui;
			sourceTree = "<group>";
		};
		DC0FCBE82A8A26F1009C33EF /* data */ = {
			isa = PBXGroup;
			children = (
				DC1FF08D2A8B975800E561DC /* utils */,
				7E0E4A39487E5DACFAEB55CB /* constants */,
				7E0E4B5FF21495907759E740 /* model */,
			);
			path = data;
			sourceTree = "<group>";
		};
		DC0FCBEA2A8A2989009C33EF /* pages */ = {
			isa = PBXGroup;
			children = (
				DC0FCBEB2A8A2990009C33EF /* success */,
				7E0E4F997CAC05DFC2F9F1AD /* dialog */,
				7E0E4D8B1C182D074BB50239 /* error */,
				7E0E46D4E8818AC48F7A8A88 /* home */,
				7E0E4189528DB72730532579 /* webview */,
				7E0E44412AAEC97D6CDD97EC /* repeat */,
			);
			path = pages;
			sourceTree = "<group>";
		};
		DC0FCBEB2A8A2990009C33EF /* success */ = {
			isa = PBXGroup;
			children = (
				DC0FCBF22A8A2AAB009C33EF /* SuccessPage.swift */,
			);
			path = success;
			sourceTree = "<group>";
		};
		DC0FCBF02A8A2A39009C33EF /* resources */ = {
			isa = PBXGroup;
			children = (
				DC0FCBF82A8A5020009C33EF /* ColorsSdk.swift */,
				7E0E49BA314F516AB7016425 /* Fonts.swift */,
				7E0E4E6F238EF72BD4230D67 /* font */,
			);
			path = resources;
			sourceTree = "<group>";
		};
		DC1FF08D2A8B975800E561DC /* utils */ = {
			isa = PBXGroup;
			children = (
				DC1FF08E2A8B976F00E561DC /* ColorUtils.swift */,
				7E0E4D996398E17A75A05C4B /* BaseStrings.swift */,
				7E0E4CCA9027B4651F38D4CC /* DataHolder.swift */,
				7E0E4ACAE22A948CA7D40016 /* NumberClearerUtils.swift */,
				7E0E4CA71EAD9D9A6C9AC7A3 /* MoneyUtils.swift */,
				7E0E4746FAA131C860B0819A /* MaskUtils.swift */,
				7E0E463BC070A5FA4793AE13 /* card_utils */,
			);
			path = utils;
			sourceTree = "<group>";
		};
/* End PBXGroup section */

/* Begin PBXNativeTarget section */
		DC0FCBB92A8A26D5009C33EF /* ApayIOS */ = {
			isa = PBXNativeTarget;
			buildConfigurationList = DC0FCBDE2A8A26D6009C33EF /* Build configuration list for PBXNativeTarget "ApayIOS" */;
			buildPhases = (
				2EE3992F8EFF8F1592666D9C /* [CP] Check Pods Manifest.lock */,
				DC0FCBB62A8A26D5009C33EF /* Sources */,
				DC0FCBB72A8A26D5009C33EF /* Frameworks */,
				DC0FCBB82A8A26D5009C33EF /* Resources */,
				F0D6F1587A3D321C21E9E70D /* [CP] Embed Pods Frameworks */,
			);
			buildRules = (
			);
			dependencies = (
			);
			name = ApayIOS;
			productName = ApayIOS;
			productReference = DC0FCBBA2A8A26D5009C33EF /* ApayIOS.app */;
			productType = "com.apple.product-type.application";
		};
		DC0FCBC92A8A26D6009C33EF /* ApayIOSTests */ = {
			isa = PBXNativeTarget;
			buildConfigurationList = DC0FCBE12A8A26D6009C33EF /* Build configuration list for PBXNativeTarget "ApayIOSTests" */;
			buildPhases = (
				CEA3193138CDACE5B4E8DE25 /* [CP] Check Pods Manifest.lock */,
				DC0FCBC62A8A26D6009C33EF /* Sources */,
				DC0FCBC72A8A26D6009C33EF /* Frameworks */,
				DC0FCBC82A8A26D6009C33EF /* Resources */,
			);
			buildRules = (
			);
			dependencies = (
				DC0FCBCC2A8A26D6009C33EF /* PBXTargetDependency */,
			);
			name = ApayIOSTests;
			productName = ApayIOSTests;
			productReference = DC0FCBCA2A8A26D6009C33EF /* ApayIOSTests.xctest */;
			productType = "com.apple.product-type.bundle.unit-test";
		};
		DC0FCBD32A8A26D6009C33EF /* ApayIOSUITests */ = {
			isa = PBXNativeTarget;
			buildConfigurationList = DC0FCBE42A8A26D6009C33EF /* Build configuration list for PBXNativeTarget "ApayIOSUITests" */;
			buildPhases = (
				42780B644790BFC4C511B14E /* [CP] Check Pods Manifest.lock */,
				DC0FCBD02A8A26D6009C33EF /* Sources */,
				DC0FCBD12A8A26D6009C33EF /* Frameworks */,
				DC0FCBD22A8A26D6009C33EF /* Resources */,
				91941943EB77A52BB88429D3 /* [CP] Embed Pods Frameworks */,
			);
			buildRules = (
			);
			dependencies = (
				DC0FCBD62A8A26D6009C33EF /* PBXTargetDependency */,
			);
			name = ApayIOSUITests;
			productName = ApayIOSUITests;
			productReference = DC0FCBD42A8A26D6009C33EF /* ApayIOSUITests.xctest */;
			productType = "com.apple.product-type.bundle.ui-testing";
		};
/* End PBXNativeTarget section */

/* Begin PBXProject section */
		DC0FCBB22A8A26D5009C33EF /* Project object */ = {
			isa = PBXProject;
			attributes = {
				BuildIndependentTargetsInParallel = 1;
				LastSwiftUpdateCheck = 1430;
				LastUpgradeCheck = 1430;
				TargetAttributes = {
					DC0FCBB92A8A26D5009C33EF = {
						CreatedOnToolsVersion = 14.3.1;
					};
					DC0FCBC92A8A26D6009C33EF = {
						CreatedOnToolsVersion = 14.3.1;
						TestTargetID = DC0FCBB92A8A26D5009C33EF;
					};
					DC0FCBD32A8A26D6009C33EF = {
						CreatedOnToolsVersion = 14.3.1;
						TestTargetID = DC0FCBB92A8A26D5009C33EF;
					};
				};
			};
			buildConfigurationList = DC0FCBB52A8A26D5009C33EF /* Build configuration list for PBXProject "ApayIOS" */;
			compatibilityVersion = "Xcode 14.0";
			developmentRegion = en;
			hasScannedForEncodings = 0;
			knownRegions = (
				en,
				Base,
			);
			mainGroup = DC0FCBB12A8A26D4009C33EF;
			productRefGroup = DC0FCBBB2A8A26D5009C33EF /* Products */;
			projectDirPath = "";
			projectRoot = "";
			targets = (
				DC0FCBB92A8A26D5009C33EF /* ApayIOS */,
				DC0FCBC92A8A26D6009C33EF /* ApayIOSTests */,
				DC0FCBD32A8A26D6009C33EF /* ApayIOSUITests */,
			);
		};
/* End PBXProject section */

/* Begin PBXResourcesBuildPhase section */
		DC0FCBB82A8A26D5009C33EF /* Resources */ = {
			isa = PBXResourcesBuildPhase;
			buildActionMask = 2147483647;
			files = (
				DC0FCBC52A8A26D5009C33EF /* Preview Assets.xcassets in Resources */,
				DC0FCBC22A8A26D5009C33EF /* Assets.xcassets in Resources */,
				7E0E469CB1C73996332368CC /* Montserrat-Bold.ttf in Resources */,
				7E0E4C29F31732D0FA0114EA /* Montserrat-Medium.ttf in Resources */,
				7E0E425DEC9E7FF662916A16 /* Montserrat-Regular.ttf in Resources */,
				7E0E489A83E2FD42C515A5B3 /* Montserrat-SemiBold.ttf in Resources */,
				DC46C8412A8CDC8000D3A322 /* info2.plist in Resources */,
			);
			runOnlyForDeploymentPostprocessing = 0;
		};
		DC0FCBC82A8A26D6009C33EF /* Resources */ = {
			isa = PBXResourcesBuildPhase;
			buildActionMask = 2147483647;
			files = (
			);
			runOnlyForDeploymentPostprocessing = 0;
		};
		DC0FCBD22A8A26D6009C33EF /* Resources */ = {
			isa = PBXResourcesBuildPhase;
			buildActionMask = 2147483647;
			files = (
			);
			runOnlyForDeploymentPostprocessing = 0;
		};
/* End PBXResourcesBuildPhase section */

/* Begin PBXShellScriptBuildPhase section */
		2EE3992F8EFF8F1592666D9C /* [CP] Check Pods Manifest.lock */ = {
			isa = PBXShellScriptBuildPhase;
			buildActionMask = 2147483647;
			files = (
			);
			inputFileListPaths = (
			);
			inputPaths = (
				"${PODS_PODFILE_DIR_PATH}/Podfile.lock",
				"${PODS_ROOT}/Manifest.lock",
			);
			name = "[CP] Check Pods Manifest.lock";
			outputFileListPaths = (
			);
			outputPaths = (
				"$(DERIVED_FILE_DIR)/Pods-ApayIOS-checkManifestLockResult.txt",
			);
			runOnlyForDeploymentPostprocessing = 0;
			shellPath = /bin/sh;
			shellScript = "diff \"${PODS_PODFILE_DIR_PATH}/Podfile.lock\" \"${PODS_ROOT}/Manifest.lock\" > /dev/null\nif [ $? != 0 ] ; then\n    # print error to STDERR\n    echo \"error: The sandbox is not in sync with the Podfile.lock. Run 'pod install' or update your CocoaPods installation.\" >&2\n    exit 1\nfi\n# This output is used by Xcode 'outputs' to avoid re-running this script phase.\necho \"SUCCESS\" > \"${SCRIPT_OUTPUT_FILE_0}\"\n";
			showEnvVarsInLog = 0;
		};
		42780B644790BFC4C511B14E /* [CP] Check Pods Manifest.lock */ = {
			isa = PBXShellScriptBuildPhase;
			buildActionMask = 2147483647;
			files = (
			);
			inputFileListPaths = (
			);
			inputPaths = (
				"${PODS_PODFILE_DIR_PATH}/Podfile.lock",
				"${PODS_ROOT}/Manifest.lock",
			);
			name = "[CP] Check Pods Manifest.lock";
			outputFileListPaths = (
			);
			outputPaths = (
				"$(DERIVED_FILE_DIR)/Pods-ApayIOS-ApayIOSUITests-checkManifestLockResult.txt",
			);
			runOnlyForDeploymentPostprocessing = 0;
			shellPath = /bin/sh;
			shellScript = "diff \"${PODS_PODFILE_DIR_PATH}/Podfile.lock\" \"${PODS_ROOT}/Manifest.lock\" > /dev/null\nif [ $? != 0 ] ; then\n    # print error to STDERR\n    echo \"error: The sandbox is not in sync with the Podfile.lock. Run 'pod install' or update your CocoaPods installation.\" >&2\n    exit 1\nfi\n# This output is used by Xcode 'outputs' to avoid re-running this script phase.\necho \"SUCCESS\" > \"${SCRIPT_OUTPUT_FILE_0}\"\n";
			showEnvVarsInLog = 0;
		};
		91941943EB77A52BB88429D3 /* [CP] Embed Pods Frameworks */ = {
			isa = PBXShellScriptBuildPhase;
			buildActionMask = 2147483647;
			files = (
			);
			inputFileListPaths = (
				"${PODS_ROOT}/Target Support Files/Pods-ApayIOS-ApayIOSUITests/Pods-ApayIOS-ApayIOSUITests-frameworks-${CONFIGURATION}-input-files.xcfilelist",
			);
			name = "[CP] Embed Pods Frameworks";
			outputFileListPaths = (
				"${PODS_ROOT}/Target Support Files/Pods-ApayIOS-ApayIOSUITests/Pods-ApayIOS-ApayIOSUITests-frameworks-${CONFIGURATION}-output-files.xcfilelist",
			);
			runOnlyForDeploymentPostprocessing = 0;
			shellPath = /bin/sh;
			shellScript = "\"${PODS_ROOT}/Target Support Files/Pods-ApayIOS-ApayIOSUITests/Pods-ApayIOS-ApayIOSUITests-frameworks.sh\"\n";
			showEnvVarsInLog = 0;
		};
		CEA3193138CDACE5B4E8DE25 /* [CP] Check Pods Manifest.lock */ = {
			isa = PBXShellScriptBuildPhase;
			buildActionMask = 2147483647;
			files = (
			);
			inputFileListPaths = (
			);
			inputPaths = (
				"${PODS_PODFILE_DIR_PATH}/Podfile.lock",
				"${PODS_ROOT}/Manifest.lock",
			);
			name = "[CP] Check Pods Manifest.lock";
			outputFileListPaths = (
			);
			outputPaths = (
				"$(DERIVED_FILE_DIR)/Pods-ApayIOSTests-checkManifestLockResult.txt",
			);
			runOnlyForDeploymentPostprocessing = 0;
			shellPath = /bin/sh;
			shellScript = "diff \"${PODS_PODFILE_DIR_PATH}/Podfile.lock\" \"${PODS_ROOT}/Manifest.lock\" > /dev/null\nif [ $? != 0 ] ; then\n    # print error to STDERR\n    echo \"error: The sandbox is not in sync with the Podfile.lock. Run 'pod install' or update your CocoaPods installation.\" >&2\n    exit 1\nfi\n# This output is used by Xcode 'outputs' to avoid re-running this script phase.\necho \"SUCCESS\" > \"${SCRIPT_OUTPUT_FILE_0}\"\n";
			showEnvVarsInLog = 0;
		};
		F0D6F1587A3D321C21E9E70D /* [CP] Embed Pods Frameworks */ = {
			isa = PBXShellScriptBuildPhase;
			buildActionMask = 2147483647;
			files = (
			);
			inputFileListPaths = (
				"${PODS_ROOT}/Target Support Files/Pods-ApayIOS/Pods-ApayIOS-frameworks-${CONFIGURATION}-input-files.xcfilelist",
			);
			name = "[CP] Embed Pods Frameworks";
			outputFileListPaths = (
				"${PODS_ROOT}/Target Support Files/Pods-ApayIOS/Pods-ApayIOS-frameworks-${CONFIGURATION}-output-files.xcfilelist",
			);
			runOnlyForDeploymentPostprocessing = 0;
			shellPath = /bin/sh;
			shellScript = "\"${PODS_ROOT}/Target Support Files/Pods-ApayIOS/Pods-ApayIOS-frameworks.sh\"\n";
			showEnvVarsInLog = 0;
		};
/* End PBXShellScriptBuildPhase section */

/* Begin PBXSourcesBuildPhase section */
		DC0FCBB62A8A26D5009C33EF /* Sources */ = {
			isa = PBXSourcesBuildPhase;
			buildActionMask = 2147483647;
			files = (
				DC0FCBF92A8A5020009C33EF /* ColorsSdk.swift in Sources */,
				DC0FCBBE2A8A26D5009C33EF /* ApayIOSApp.swift in Sources */,
				DC0FCBF32A8A2AAB009C33EF /* SuccessPage.swift in Sources */,
				DC1FF08F2A8B976F00E561DC /* ColorUtils.swift in Sources */,
				7E0E4BD43973E973169A3531 /* Fonts.swift in Sources */,
				7E0E49BFEB256FF12A538E23 /* BanksName.swift in Sources */,
				7E0E4F7C59E7C8006B7858C0 /* ErrorsCode.swift in Sources */,
				7E0E4A81630054EACAC987F7 /* Strings.swift in Sources */,
				7E0E4CC403E5A8A6246683AE /* BaseStrings.swift in Sources */,
				7E0E4F093C9838FA12AD9FC0 /* DataHolder.swift in Sources */,
				7E0E4119E8A069E9AE44FD7B /* AirbaPaySdk.swift in Sources */,
				7E0E4B9681D951F35ABB7C02 /* Routes.swift in Sources */,
				7E0E4B838E5CCC44A12E6480 /* Regex.swift in Sources */,
				7E0E499B0DB6517923BA8BC1 /* Auth.swift in Sources */,
				7E0E4E6FB034C26D5A0FF92E /* CardAdd.swift in Sources */,
				7E0E479079EE6F306AD23584 /* CardsGet.swift in Sources */,
				7E0E4685185A4C93C3202B6C /* PaymentCreate.swift in Sources */,
				7E0E4F68BE8480C23596039D /* PaymentEntry.swift in Sources */,
				7E0E44DA1BDB5D48A06FC241 /* PaymentInfo.swift in Sources */,
				7E0E4B40CE52A4ADF0427B1C /* NumberClearerUtils.swift in Sources */,
				7E0E41151D3487AE9C94EAA9 /* MoneyUtils.swift in Sources */,
				7E0E4B8C52FFE22278B08C67 /* MaskUtils.swift in Sources */,
				7E0E4C92F232AED4B2B4FF1A /* CardType.swift in Sources */,
				7E0E4BDC49521D84EA68B694 /* CardUtils.swift in Sources */,
				7E0E42AF94FB6CB4C11D0CB6 /* CardDateUtils.swift in Sources */,
				7E0E4493D80D0953F5D9B6A4 /* ViewButton.swift in Sources */,
				7E0E4B013810221530803D1D /* ProgressBarView.swift in Sources */,
				7E0E43BD28550B9CACD67FF4 /* RepeatPage.swift in Sources */,
				7E0E45D6E0F3F5556F39AF01 /* ErrorSomethingWrongPage.swift in Sources */,
				7E0E4391EE34997C27B36944 /* ErrorFinalPage.swift in Sources */,
				7E0E487CB137FBC3FA3C1552 /* ErrorPage.swift in Sources */,
				7E0E4F6B335DEBC5C6CEF0CB /* ErrorWithInstructionPage.swift in Sources */,
				7E0E4548149D89ADC992DF8E /* InstructionWebViewClient.swift in Sources */,
				7E0E426178E4D9F1ED4BAF74 /* WebViewPage.swift in Sources */,
				7E0E457335C2491B8E001F0F /* Popup.swift in Sources */,
				7E0E438A07A8C4521290C70C /* DialogExit.swift in Sources */,
				7E0E451FD5339A631B840765 /* HomePage.swift in Sources */,
				7E0E41D0D922A532B4DD2141 /* TopInfoView.swift in Sources */,
				7E0E445C4141066BBD0271F9 /* TestPage.swift in Sources */,
				7E0E4C7A59F979BCD2A61F8D /* SwitchedView.swift in Sources */,
				7E0E40D1EFE84966B57C119B /* DateExpiredView.swift in Sources */,
				7E0E4C972BA60682BD3403AF /* CvvView.swift in Sources */,
				7E0E485B46AC238B12CB9785 /* CvvBottomSheet.swift in Sources */,
				7E0E4D58DA69E029ED6149E7 /* CardNumberView.swift in Sources */,
				7E0E4838A53332D4B7A9EC83 /* BottomImages.swift in Sources */,
				7E0E4EF4494680946703A9C0 /* ViewToolbar.swift in Sources */,
				7E0E4669012571313E50C50E /* ViewEditText.swift in Sources */,
				7E0E49D1B07A7D24CA640E46 /* BottomSheetHeader.swift in Sources */,
				7E0E41463F3FF5AE81CA9628 /* BottomSheetUtils.swift in Sources */,
				7E0E4E0E6342A0833F0C59D3 /* CoreEditText.swift in Sources */,
				7E0E4DC8E9AD6A749B15E7FE /* StartProcessingView.swift in Sources */,
				7E0E472D5558BF6FF97FCE39 /* InitViewStartProcessingAmount.swift in Sources */,
				7E0E413825864B1DBDF4ACEB /* InitAPay.swift in Sources */,
				7E0E43CCBB3782A69DB4E871 /* InitCards.swift in Sources */,
				7E0E4730C8EEB97C9BB9374F /* InitPayWithNewCard.swift in Sources */,
				7E0E432AB1F031260E3559B8 /* InitButonNext.swift in Sources */,
				7E0E4A481BF0D0E172E5896A /* InitErrorState.swift in Sources */,
			);
			runOnlyForDeploymentPostprocessing = 0;
		};
		DC0FCBC62A8A26D6009C33EF /* Sources */ = {
			isa = PBXSourcesBuildPhase;
			buildActionMask = 2147483647;
			files = (
				7E0E4AD56C81575A94E8C96E /* MoneyTests.swift in Sources */,
				DC82DD632A8E4B3700E8B6AC /* CardLuhnAlgorithmTests2.swift in Sources */,
				7E0E48EF8104C87DCB16C9BE /* MaskFormatterTests.swift in Sources */,
				DC82DD652A8E4B8200E8B6AC /* CardDateTests2.swift in Sources */,
				7E0E4D3DD6C063E79F452FD9 /* GetNumberCleatedWithMaxSizeTests.swift in Sources */,
				7E0E45B724D25815CD138AF9 /* GetNumberCleatedTests.swift in Sources */,
			);
			runOnlyForDeploymentPostprocessing = 0;
		};
		DC0FCBD02A8A26D6009C33EF /* Sources */ = {
			isa = PBXSourcesBuildPhase;
			buildActionMask = 2147483647;
			files = (
				DC0FCBD92A8A26D6009C33EF /* ApayIOSUITests.swift in Sources */,
				DC0FCBDB2A8A26D6009C33EF /* ApayIOSUITestsLaunchTests.swift in Sources */,
			);
			runOnlyForDeploymentPostprocessing = 0;
		};
/* End PBXSourcesBuildPhase section */

/* Begin PBXTargetDependency section */
		DC0FCBCC2A8A26D6009C33EF /* PBXTargetDependency */ = {
			isa = PBXTargetDependency;
			target = DC0FCBB92A8A26D5009C33EF /* ApayIOS */;
			targetProxy = DC0FCBCB2A8A26D6009C33EF /* PBXContainerItemProxy */;
		};
		DC0FCBD62A8A26D6009C33EF /* PBXTargetDependency */ = {
			isa = PBXTargetDependency;
			target = DC0FCBB92A8A26D5009C33EF /* ApayIOS */;
			targetProxy = DC0FCBD52A8A26D6009C33EF /* PBXContainerItemProxy */;
		};
/* End PBXTargetDependency section */

/* Begin XCBuildConfiguration section */
		DC0FCBDC2A8A26D6009C33EF /* Debug */ = {
			isa = XCBuildConfiguration;
			buildSettings = {
				ALWAYS_SEARCH_USER_PATHS = NO;
				CLANG_ANALYZER_NONNULL = YES;
				CLANG_ANALYZER_NUMBER_OBJECT_CONVERSION = YES_AGGRESSIVE;
				CLANG_CXX_LANGUAGE_STANDARD = "gnu++20";
				CLANG_ENABLE_MODULES = YES;
				CLANG_ENABLE_OBJC_ARC = YES;
				CLANG_ENABLE_OBJC_WEAK = YES;
				CLANG_WARN_BLOCK_CAPTURE_AUTORELEASING = YES;
				CLANG_WARN_BOOL_CONVERSION = YES;
				CLANG_WARN_COMMA = YES;
				CLANG_WARN_CONSTANT_CONVERSION = YES;
				CLANG_WARN_DEPRECATED_OBJC_IMPLEMENTATIONS = YES;
				CLANG_WARN_DIRECT_OBJC_ISA_USAGE = YES_ERROR;
				CLANG_WARN_DOCUMENTATION_COMMENTS = YES;
				CLANG_WARN_EMPTY_BODY = YES;
				CLANG_WARN_ENUM_CONVERSION = YES;
				CLANG_WARN_INFINITE_RECURSION = YES;
				CLANG_WARN_INT_CONVERSION = YES;
				CLANG_WARN_NON_LITERAL_NULL_CONVERSION = YES;
				CLANG_WARN_OBJC_IMPLICIT_RETAIN_SELF = YES;
				CLANG_WARN_OBJC_LITERAL_CONVERSION = YES;
				CLANG_WARN_OBJC_ROOT_CLASS = YES_ERROR;
				CLANG_WARN_QUOTED_INCLUDE_IN_FRAMEWORK_HEADER = YES;
				CLANG_WARN_RANGE_LOOP_ANALYSIS = YES;
				CLANG_WARN_STRICT_PROTOTYPES = YES;
				CLANG_WARN_SUSPICIOUS_MOVE = YES;
				CLANG_WARN_UNGUARDED_AVAILABILITY = YES_AGGRESSIVE;
				CLANG_WARN_UNREACHABLE_CODE = YES;
				CLANG_WARN__DUPLICATE_METHOD_MATCH = YES;
				COPY_PHASE_STRIP = NO;
				DEBUG_INFORMATION_FORMAT = dwarf;
				ENABLE_STRICT_OBJC_MSGSEND = YES;
				ENABLE_TESTABILITY = YES;
				GCC_C_LANGUAGE_STANDARD = gnu11;
				GCC_DYNAMIC_NO_PIC = NO;
				GCC_NO_COMMON_BLOCKS = YES;
				GCC_OPTIMIZATION_LEVEL = 0;
				GCC_PREPROCESSOR_DEFINITIONS = (
					"DEBUG=1",
					"$(inherited)",
				);
				GCC_WARN_64_TO_32_BIT_CONVERSION = YES;
				GCC_WARN_ABOUT_RETURN_TYPE = YES_ERROR;
				GCC_WARN_UNDECLARED_SELECTOR = YES;
				GCC_WARN_UNINITIALIZED_AUTOS = YES_AGGRESSIVE;
				GCC_WARN_UNUSED_FUNCTION = YES;
				GCC_WARN_UNUSED_VARIABLE = YES;
				IPHONEOS_DEPLOYMENT_TARGET = 16.4;
				MTL_ENABLE_DEBUG_INFO = INCLUDE_SOURCE;
				MTL_FAST_MATH = YES;
				ONLY_ACTIVE_ARCH = YES;
				SDKROOT = iphoneos;
				SWIFT_ACTIVE_COMPILATION_CONDITIONS = DEBUG;
				SWIFT_OPTIMIZATION_LEVEL = "-Onone";
			};
			name = Debug;
		};
		DC0FCBDD2A8A26D6009C33EF /* Release */ = {
			isa = XCBuildConfiguration;
			buildSettings = {
				ALWAYS_SEARCH_USER_PATHS = NO;
				CLANG_ANALYZER_NONNULL = YES;
				CLANG_ANALYZER_NUMBER_OBJECT_CONVERSION = YES_AGGRESSIVE;
				CLANG_CXX_LANGUAGE_STANDARD = "gnu++20";
				CLANG_ENABLE_MODULES = YES;
				CLANG_ENABLE_OBJC_ARC = YES;
				CLANG_ENABLE_OBJC_WEAK = YES;
				CLANG_WARN_BLOCK_CAPTURE_AUTORELEASING = YES;
				CLANG_WARN_BOOL_CONVERSION = YES;
				CLANG_WARN_COMMA = YES;
				CLANG_WARN_CONSTANT_CONVERSION = YES;
				CLANG_WARN_DEPRECATED_OBJC_IMPLEMENTATIONS = YES;
				CLANG_WARN_DIRECT_OBJC_ISA_USAGE = YES_ERROR;
				CLANG_WARN_DOCUMENTATION_COMMENTS = YES;
				CLANG_WARN_EMPTY_BODY = YES;
				CLANG_WARN_ENUM_CONVERSION = YES;
				CLANG_WARN_INFINITE_RECURSION = YES;
				CLANG_WARN_INT_CONVERSION = YES;
				CLANG_WARN_NON_LITERAL_NULL_CONVERSION = YES;
				CLANG_WARN_OBJC_IMPLICIT_RETAIN_SELF = YES;
				CLANG_WARN_OBJC_LITERAL_CONVERSION = YES;
				CLANG_WARN_OBJC_ROOT_CLASS = YES_ERROR;
				CLANG_WARN_QUOTED_INCLUDE_IN_FRAMEWORK_HEADER = YES;
				CLANG_WARN_RANGE_LOOP_ANALYSIS = YES;
				CLANG_WARN_STRICT_PROTOTYPES = YES;
				CLANG_WARN_SUSPICIOUS_MOVE = YES;
				CLANG_WARN_UNGUARDED_AVAILABILITY = YES_AGGRESSIVE;
				CLANG_WARN_UNREACHABLE_CODE = YES;
				CLANG_WARN__DUPLICATE_METHOD_MATCH = YES;
				COPY_PHASE_STRIP = NO;
				DEBUG_INFORMATION_FORMAT = "dwarf-with-dsym";
				ENABLE_NS_ASSERTIONS = NO;
				ENABLE_STRICT_OBJC_MSGSEND = YES;
				GCC_C_LANGUAGE_STANDARD = gnu11;
				GCC_NO_COMMON_BLOCKS = YES;
				GCC_WARN_64_TO_32_BIT_CONVERSION = YES;
				GCC_WARN_ABOUT_RETURN_TYPE = YES_ERROR;
				GCC_WARN_UNDECLARED_SELECTOR = YES;
				GCC_WARN_UNINITIALIZED_AUTOS = YES_AGGRESSIVE;
				GCC_WARN_UNUSED_FUNCTION = YES;
				GCC_WARN_UNUSED_VARIABLE = YES;
				IPHONEOS_DEPLOYMENT_TARGET = 16.4;
				MTL_ENABLE_DEBUG_INFO = NO;
				MTL_FAST_MATH = YES;
				SDKROOT = iphoneos;
				SWIFT_COMPILATION_MODE = wholemodule;
				SWIFT_OPTIMIZATION_LEVEL = "-O";
				VALIDATE_PRODUCT = YES;
			};
			name = Release;
		};
		DC0FCBDF2A8A26D6009C33EF /* Debug */ = {
			isa = XCBuildConfiguration;
			baseConfigurationReference = A28C8D26A8051154956BA317 /* Pods-ApayIOS.debug.xcconfig */;
			buildSettings = {
				ASSETCATALOG_COMPILER_APPICON_NAME = AppIcon;
				ASSETCATALOG_COMPILER_GLOBAL_ACCENT_COLOR_NAME = AccentColor;
				CODE_SIGN_STYLE = Automatic;
				CURRENT_PROJECT_VERSION = 1;
				DEVELOPMENT_ASSET_PATHS = "\"ApayIOS/Preview Content\"";
				DEVELOPMENT_TEAM = 8BBUQVJJMA;
				ENABLE_PREVIEWS = YES;
				GENERATE_INFOPLIST_FILE = YES;
				INFOPLIST_KEY_UIApplicationSceneManifest_Generation = YES;
				INFOPLIST_KEY_UIApplicationSupportsIndirectInputEvents = YES;
				INFOPLIST_KEY_UILaunchScreen_Generation = YES;
				INFOPLIST_KEY_UISupportedInterfaceOrientations_iPad = "UIInterfaceOrientationPortrait UIInterfaceOrientationPortraitUpsideDown UIInterfaceOrientationLandscapeLeft UIInterfaceOrientationLandscapeRight";
				INFOPLIST_KEY_UISupportedInterfaceOrientations_iPhone = "UIInterfaceOrientationPortrait UIInterfaceOrientationLandscapeLeft UIInterfaceOrientationLandscapeRight";
				LD_RUNPATH_SEARCH_PATHS = (
					"$(inherited)",
					"@executable_path/Frameworks",
				);
				MARKETING_VERSION = 1.0;
				PRODUCT_BUNDLE_IDENTIFIER = kz.airbapay.ApayIOS;
				PRODUCT_NAME = "$(TARGET_NAME)";
				SWIFT_EMIT_LOC_STRINGS = YES;
				SWIFT_VERSION = 5.0;
				TARGETED_DEVICE_FAMILY = "1,2";
			};
			name = Debug;
		};
		DC0FCBE02A8A26D6009C33EF /* Release */ = {
			isa = XCBuildConfiguration;
			baseConfigurationReference = 2B8B356CA14A9899C64C46C9 /* Pods-ApayIOS.release.xcconfig */;
			buildSettings = {
				ASSETCATALOG_COMPILER_APPICON_NAME = AppIcon;
				ASSETCATALOG_COMPILER_GLOBAL_ACCENT_COLOR_NAME = AccentColor;
				CODE_SIGN_STYLE = Automatic;
				CURRENT_PROJECT_VERSION = 1;
				DEVELOPMENT_ASSET_PATHS = "\"ApayIOS/Preview Content\"";
				DEVELOPMENT_TEAM = 8BBUQVJJMA;
				ENABLE_PREVIEWS = YES;
				GENERATE_INFOPLIST_FILE = YES;
				INFOPLIST_KEY_UIApplicationSceneManifest_Generation = YES;
				INFOPLIST_KEY_UIApplicationSupportsIndirectInputEvents = YES;
				INFOPLIST_KEY_UILaunchScreen_Generation = YES;
				INFOPLIST_KEY_UISupportedInterfaceOrientations_iPad = "UIInterfaceOrientationPortrait UIInterfaceOrientationPortraitUpsideDown UIInterfaceOrientationLandscapeLeft UIInterfaceOrientationLandscapeRight";
				INFOPLIST_KEY_UISupportedInterfaceOrientations_iPhone = "UIInterfaceOrientationPortrait UIInterfaceOrientationLandscapeLeft UIInterfaceOrientationLandscapeRight";
				LD_RUNPATH_SEARCH_PATHS = (
					"$(inherited)",
					"@executable_path/Frameworks",
				);
				MARKETING_VERSION = 1.0;
				PRODUCT_BUNDLE_IDENTIFIER = kz.airbapay.ApayIOS;
				PRODUCT_NAME = "$(TARGET_NAME)";
				SWIFT_EMIT_LOC_STRINGS = YES;
				SWIFT_VERSION = 5.0;
				TARGETED_DEVICE_FAMILY = "1,2";
			};
			name = Release;
		};
		DC0FCBE22A8A26D6009C33EF /* Debug */ = {
			isa = XCBuildConfiguration;
			baseConfigurationReference = 488881E8DC2D208084480677 /* Pods-ApayIOSTests.debug.xcconfig */;
			buildSettings = {
				ALWAYS_EMBED_SWIFT_STANDARD_LIBRARIES = YES;
				BUNDLE_LOADER = "$(TEST_HOST)";
				CODE_SIGN_STYLE = Automatic;
				CURRENT_PROJECT_VERSION = 1;
				DEVELOPMENT_TEAM = 8BBUQVJJMA;
				GENERATE_INFOPLIST_FILE = YES;
				IPHONEOS_DEPLOYMENT_TARGET = 16.4;
				MARKETING_VERSION = 1.0;
				PRODUCT_BUNDLE_IDENTIFIER = kz.airbapay.ApayIOSTests;
				PRODUCT_NAME = "$(TARGET_NAME)";
				SWIFT_EMIT_LOC_STRINGS = NO;
				SWIFT_VERSION = 5.0;
				TARGETED_DEVICE_FAMILY = "1,2";
				TEST_HOST = "$(BUILT_PRODUCTS_DIR)/ApayIOS.app/$(BUNDLE_EXECUTABLE_FOLDER_PATH)/ApayIOS";
			};
			name = Debug;
		};
		DC0FCBE32A8A26D6009C33EF /* Release */ = {
			isa = XCBuildConfiguration;
			baseConfigurationReference = 6841D972DCF597063CED50B6 /* Pods-ApayIOSTests.release.xcconfig */;
			buildSettings = {
				ALWAYS_EMBED_SWIFT_STANDARD_LIBRARIES = YES;
				BUNDLE_LOADER = "$(TEST_HOST)";
				CODE_SIGN_STYLE = Automatic;
				CURRENT_PROJECT_VERSION = 1;
				DEVELOPMENT_TEAM = 8BBUQVJJMA;
				GENERATE_INFOPLIST_FILE = YES;
				IPHONEOS_DEPLOYMENT_TARGET = 16.4;
				MARKETING_VERSION = 1.0;
				PRODUCT_BUNDLE_IDENTIFIER = kz.airbapay.ApayIOSTests;
				PRODUCT_NAME = "$(TARGET_NAME)";
				SWIFT_EMIT_LOC_STRINGS = NO;
				SWIFT_VERSION = 5.0;
				TARGETED_DEVICE_FAMILY = "1,2";
				TEST_HOST = "$(BUILT_PRODUCTS_DIR)/ApayIOS.app/$(BUNDLE_EXECUTABLE_FOLDER_PATH)/ApayIOS";
			};
			name = Release;
		};
		DC0FCBE52A8A26D6009C33EF /* Debug */ = {
			isa = XCBuildConfiguration;
			baseConfigurationReference = 8DA16FF88F17BC0417EC69D2 /* Pods-ApayIOS-ApayIOSUITests.debug.xcconfig */;
			buildSettings = {
				ALWAYS_EMBED_SWIFT_STANDARD_LIBRARIES = YES;
				CODE_SIGN_STYLE = Automatic;
				CURRENT_PROJECT_VERSION = 1;
				DEVELOPMENT_TEAM = 8BBUQVJJMA;
				GENERATE_INFOPLIST_FILE = YES;
				MARKETING_VERSION = 1.0;
				PRODUCT_BUNDLE_IDENTIFIER = kz.airbapay.ApayIOSUITests;
				PRODUCT_NAME = "$(TARGET_NAME)";
				SWIFT_EMIT_LOC_STRINGS = NO;
				SWIFT_VERSION = 5.0;
				TARGETED_DEVICE_FAMILY = "1,2";
				TEST_TARGET_NAME = ApayIOS;
			};
			name = Debug;
		};
		DC0FCBE62A8A26D6009C33EF /* Release */ = {
			isa = XCBuildConfiguration;
			baseConfigurationReference = 9C3E72F51E5E9475A937AE1F /* Pods-ApayIOS-ApayIOSUITests.release.xcconfig */;
			buildSettings = {
				ALWAYS_EMBED_SWIFT_STANDARD_LIBRARIES = YES;
				CODE_SIGN_STYLE = Automatic;
				CURRENT_PROJECT_VERSION = 1;
				DEVELOPMENT_TEAM = 8BBUQVJJMA;
				GENERATE_INFOPLIST_FILE = YES;
				MARKETING_VERSION = 1.0;
				PRODUCT_BUNDLE_IDENTIFIER = kz.airbapay.ApayIOSUITests;
				PRODUCT_NAME = "$(TARGET_NAME)";
				SWIFT_EMIT_LOC_STRINGS = NO;
				SWIFT_VERSION = 5.0;
				TARGETED_DEVICE_FAMILY = "1,2";
				TEST_TARGET_NAME = ApayIOS;
			};
			name = Release;
		};
/* End XCBuildConfiguration section */

/* Begin XCConfigurationList section */
		DC0FCBB52A8A26D5009C33EF /* Build configuration list for PBXProject "ApayIOS" */ = {
			isa = XCConfigurationList;
			buildConfigurations = (
				DC0FCBDC2A8A26D6009C33EF /* Debug */,
				DC0FCBDD2A8A26D6009C33EF /* Release */,
			);
			defaultConfigurationIsVisible = 0;
			defaultConfigurationName = Release;
		};
		DC0FCBDE2A8A26D6009C33EF /* Build configuration list for PBXNativeTarget "ApayIOS" */ = {
			isa = XCConfigurationList;
			buildConfigurations = (
				DC0FCBDF2A8A26D6009C33EF /* Debug */,
				DC0FCBE02A8A26D6009C33EF /* Release */,
			);
			defaultConfigurationIsVisible = 0;
			defaultConfigurationName = Release;
		};
		DC0FCBE12A8A26D6009C33EF /* Build configuration list for PBXNativeTarget "ApayIOSTests" */ = {
			isa = XCConfigurationList;
			buildConfigurations = (
				DC0FCBE22A8A26D6009C33EF /* Debug */,
				DC0FCBE32A8A26D6009C33EF /* Release */,
			);
			defaultConfigurationIsVisible = 0;
			defaultConfigurationName = Release;
		};
		DC0FCBE42A8A26D6009C33EF /* Build configuration list for PBXNativeTarget "ApayIOSUITests" */ = {
			isa = XCConfigurationList;
			buildConfigurations = (
				DC0FCBE52A8A26D6009C33EF /* Debug */,
				DC0FCBE62A8A26D6009C33EF /* Release */,
			);
			defaultConfigurationIsVisible = 0;
			defaultConfigurationName = Release;
		};
/* End XCConfigurationList section */
	};
	rootObject = DC0FCBB22A8A26D5009C33EF /* Project object */;
}
